
Microsoft Visual Studio Solution File, Format Version 12.00
# Visual Studio 15
VisualStudioVersion = 15.0.27130.2027
MinimumVisualStudioVersion = 10.0.40219.1
Project("{FAE04EC0-301F-11D3-BF4B-00C04F79EFBC}") = "UnLoadAssembly", "UnLoadAssembly\UnLoadAssembly.csproj", "{E1A9D824-1668-4432-91DD-A069C707D0D0}"
EndProject
Project("{FAE04EC0-301F-11D3-BF4B-00C04F79EFBC}") = "MyTcpClient", "TcpClient\MyTcpClient.csproj", "{B5299FF4-B148-4F05-853B-0EB6CB645915}"
EndProject
Project("{2150E333-8FDC-42A3-9474-1A3956D46DE8}") = "Nuget", "Nuget", "{4B22EE9B-3748-4DE4-B5FC-BDF153DB8F2E}"
	ProjectSection(SolutionItems) = preProject
		History.md = History.md
	EndProjectSection
EndProject
Project("{FAE04EC0-301F-11D3-BF4B-00C04F79EFBC}") = "TcpServer", "TcpServer\TcpServer.csproj", "{CC3E83EF-7ED8-4854-A93A-3636574C492D}"
EndProject
Project("{FAE04EC0-301F-11D3-BF4B-00C04F79EFBC}") = "StateMachine", "StateMachine\StateMachine.csproj", "{EEA873A9-A512-43CF-94AE-CAF5BD2E3930}"
EndProject
Project("{FAE04EC0-301F-11D3-BF4B-00C04F79EFBC}") = "NETMQServer", "NETMQ\NETMQServer.csproj", "{1C0E5507-1625-4F76-9B35-62BCD1E342AA}"
EndProject
Project("{FAE04EC0-301F-11D3-BF4B-00C04F79EFBC}") = "NETMQClient", "NETMQClient\NETMQClient.csproj", "{F14DD8E9-2AC7-4438-BAAC-32C5D4DCB990}"
EndProject
Project("{FAE04EC0-301F-11D3-BF4B-00C04F79EFBC}") = "NETMQMiddle", "NETMQWorker\NETMQMiddle.csproj", "{813A956A-B900-4E2C-8828-C8D6FCF23570}"
EndProject
Global
	GlobalSection(SolutionConfigurationPlatforms) = preSolution
		Debug|Any CPU = Debug|Any CPU
		Release|Any CPU = Release|Any CPU
	EndGlobalSection
	GlobalSection(ProjectConfigurationPlatforms) = postSolution
		{E1A9D824-1668-4432-91DD-A069C707D0D0}.Debug|Any CPU.ActiveCfg = Debug|Any CPU
		{E1A9D824-1668-4432-91DD-A069C707D0D0}.Debug|Any CPU.Build.0 = Debug|Any CPU
		{E1A9D824-1668-4432-91DD-A069C707D0D0}.Release|Any CPU.ActiveCfg = Release|Any CPU
		{E1A9D824-1668-4432-91DD-A069C707D0D0}.Release|Any CPU.Build.0 = Release|Any CPU
		{B5299FF4-B148-4F05-853B-0EB6CB645915}.Debug|Any CPU.ActiveCfg = Debug|Any CPU
		{B5299FF4-B148-4F05-853B-0EB6CB645915}.Debug|Any CPU.Build.0 = Debug|Any CPU
		{B5299FF4-B148-4F05-853B-0EB6CB645915}.Release|Any CPU.ActiveCfg = Release|Any CPU
		{B5299FF4-B148-4F05-853B-0EB6CB645915}.Release|Any CPU.Build.0 = Release|Any CPU
		{CC3E83EF-7ED8-4854-A93A-3636574C492D}.Debug|Any CPU.ActiveCfg = Debug|Any CPU
		{CC3E83EF-7ED8-4854-A93A-3636574C492D}.Debug|Any CPU.Build.0 = Debug|Any CPU
		{CC3E83EF-7ED8-4854-A93A-3636574C492D}.Release|Any CPU.ActiveCfg = Release|Any CPU
		{CC3E83EF-7ED8-4854-A93A-3636574C492D}.Release|Any CPU.Build.0 = Release|Any CPU
		{EEA873A9-A512-43CF-94AE-CAF5BD2E3930}.Debug|Any CPU.ActiveCfg = Debug|Any CPU
		{EEA873A9-A512-43CF-94AE-CAF5BD2E3930}.Debug|Any CPU.Build.0 = Debug|Any CPU
		{EEA873A9-A512-43CF-94AE-CAF5BD2E3930}.Release|Any CPU.ActiveCfg = Release|Any CPU
		{EEA873A9-A512-43CF-94AE-CAF5BD2E3930}.Release|Any CPU.Build.0 = Release|Any CPU
		{1C0E5507-1625-4F76-9B35-62BCD1E342AA}.Debug|Any CPU.ActiveCfg = Debug|Any CPU
		{1C0E5507-1625-4F76-9B35-62BCD1E342AA}.Debug|Any CPU.Build.0 = Debug|Any CPU
		{1C0E5507-1625-4F76-9B35-62BCD1E342AA}.Release|Any CPU.ActiveCfg = Release|Any CPU
		{1C0E5507-1625-4F76-9B35-62BCD1E342AA}.Release|Any CPU.Build.0 = Release|Any CPU
		{F14DD8E9-2AC7-4438-BAAC-32C5D4DCB990}.Debug|Any CPU.ActiveCfg = Debug|Any CPU
		{F14DD8E9-2AC7-4438-BAAC-32C5D4DCB990}.Debug|Any CPU.Build.0 = Debug|Any CPU
		{F14DD8E9-2AC7-4438-BAAC-32C5D4DCB990}.Release|Any CPU.ActiveCfg = Release|Any CPU
		{F14DD8E9-2AC7-4438-BAAC-32C5D4DCB990}.Release|Any CPU.Build.0 = Release|Any CPU
		{813A956A-B900-4E2C-8828-C8D6FCF23570}.Debug|Any CPU.ActiveCfg = Debug|Any CPU
		{813A956A-B900-4E2C-8828-C8D6FCF23570}.Debug|Any CPU.Build.0 = Debug|Any CPU
		{813A956A-B900-4E2C-8828-C8D6FCF23570}.Release|Any CPU.ActiveCfg = Release|Any CPU
		{813A956A-B900-4E2C-8828-C8D6FCF23570}.Release|Any CPU.Build.0 = Release|Any CPU
	EndGlobalSection
	GlobalSection(SolutionProperties) = preSolution
		HideSolutionNode = FALSE
	EndGlobalSection
	GlobalSection(ExtensibilityGlobals) = postSolution
		SolutionGuid = {7E4C50C9-3E02-4712-8159-CF49DFB60F29}
	EndGlobalSection
EndGlobal
