
Microsoft Visual Studio Solution File, Format Version 12.00
# Visual Studio 15
VisualStudioVersion = 15.0.27130.2027
MinimumVisualStudioVersion = 10.0.40219.1
Project("{FAE04EC0-301F-11D3-BF4B-00C04F79EFBC}") = "UnLoadAssembly", "UnLoadAssembly\UnLoadAssembly.csproj", "{E1A9D824-1668-4432-91DD-A069C707D0D0}"
EndProject
Global
	GlobalSection(SolutionConfigurationPlatforms) = preSolution
		Debug|Any CPU = Debug|Any CPU
		Release|Any CPU = Release|Any CPU
	EndGlobalSection
	GlobalSection(ProjectConfigurationPlatforms) = postSolution
		{E1A9D824-1668-4432-91DD-A069C707D0D0}.Debug|Any CPU.ActiveCfg = Debug|Any CPU
		{E1A9D824-1668-4432-91DD-A069C707D0D0}.Debug|Any CPU.Build.0 = Debug|Any CPU
		{E1A9D824-1668-4432-91DD-A069C707D0D0}.Release|Any CPU.ActiveCfg = Release|Any CPU
		{E1A9D824-1668-4432-91DD-A069C707D0D0}.Release|Any CPU.Build.0 = Release|Any CPU
	EndGlobalSection
	GlobalSection(SolutionProperties) = preSolution
		HideSolutionNode = FALSE
	EndGlobalSection
	GlobalSection(ExtensibilityGlobals) = postSolution
		SolutionGuid = {7E4C50C9-3E02-4712-8159-CF49DFB60F29}
	EndGlobalSection
EndGlobal
